# This file is automatically @generated by Cargo.
# It is not intended for manual editing.
version = 3

[[package]]
name = "arrayvec"
version = "0.7.4"
source = "registry+https://github.com/rust-lang/crates.io-index"
checksum = "96d30a06541fbafbc7f82ed10c06164cfbd2c401138f6addd8404629c4b16711"

[[package]]
name = "bitflags"
version = "2.5.0"
source = "registry+https://github.com/rust-lang/crates.io-index"
checksum = "cf4b9d6a944f767f8e5e0db018570623c85f3d925ac718db4e06d0187adb21c1"

[[package]]
name = "bstr"
version = "1.9.1"
source = "registry+https://github.com/rust-lang/crates.io-index"
checksum = "05efc5cfd9110c8416e471df0e96702d58690178e206e61b7173706673c93706"
dependencies = [
 "memchr",
 "regex-automata",
 "serde",
]

[[package]]
name = "memchr"
version = "2.7.2"
source = "registry+https://github.com/rust-lang/crates.io-index"
checksum = "6c8640c5d730cb13ebd907d8d04b52f55ac9a2eec55b440c8892f40d56c76c1d"

[[package]]
name = "nonmax"
version = "0.5.5"
source = "registry+https://github.com/rust-lang/crates.io-index"
checksum = "610a5acd306ec67f907abe5567859a3c693fb9886eb1f012ab8f2a47bef3db51"

[[package]]
name = "proc-macro2"
version = "1.0.82"
source = "registry+https://github.com/rust-lang/crates.io-index"
checksum = "8ad3d49ab951a01fbaafe34f2ec74122942fe18a3f9814c3268f1bb72042131b"
dependencies = [
 "unicode-ident",
]

[[package]]
name = "quote"
version = "1.0.36"
source = "registry+https://github.com/rust-lang/crates.io-index"
checksum = "0fa76aaf39101c457836aec0ce2316dbdc3ab723cdda1c6bd4e6ad4208acaca7"
dependencies = [
 "proc-macro2",
]

[[package]]
name = "regex-automata"
version = "0.4.6"
source = "registry+https://github.com/rust-lang/crates.io-index"
checksum = "86b83b8b9847f9bf95ef68afb0b8e6cdb80f498442f5179a29fad448fcc1eaea"

[[package]]
name = "serde"
version = "1.0.202"
source = "registry+https://github.com/rust-lang/crates.io-index"
checksum = "226b61a0d411b2ba5ff6d7f73a476ac4f8bb900373459cd00fab8512828ba395"
dependencies = [
 "serde_derive",
]

[[package]]
name = "serde_derive"
version = "1.0.202"
source = "registry+https://github.com/rust-lang/crates.io-index"
checksum = "6048858004bcff69094cd972ed40a32500f153bd3be9f716b2eed2e8217c4838"
dependencies = [
 "proc-macro2",
 "quote",
 "syn",
]

[[package]]
name = "syn"
version = "2.0.64"
source = "registry+https://github.com/rust-lang/crates.io-index"
checksum = "7ad3dee41f36859875573074334c200d1add8e4a87bb37113ebd31d926b7b11f"
dependencies = [
 "proc-macro2",
 "quote",
 "unicode-ident",
]

[[package]]
name = "thiserror"
version = "1.0.61"
source = "registry+https://github.com/rust-lang/crates.io-index"
checksum = "c546c80d6be4bc6a00c0f01730c08df82eaa7a7a61f11d656526506112cc1709"
dependencies = [
 "thiserror-impl",
]

[[package]]
name = "thiserror-impl"
version = "1.0.61"
source = "registry+https://github.com/rust-lang/crates.io-index"
checksum = "46c3384250002a6d5af4d114f2845d37b57521033f30d5c3f46c4d70e1197533"
dependencies = [
 "proc-macro2",
 "quote",
 "syn",
]

[[package]]
name = "undname"
version = "0.1.0"
dependencies = [
 "arrayvec",
 "bitflags",
 "bstr",
 "nonmax",
 "thiserror",
]

[[package]]
name = "unicode-ident"
version = "1.0.12"
source = "registry+https://github.com/rust-lang/crates.io-index"
checksum = "3354b9ac3fae1ff6755cb6db53683adb661634f67557942dea4facebec0fee4b"
